
Microsoft Visual Studio Solution File, Format Version 12.00
# Visual Studio Version 17
VisualStudioVersion = 17.5.33424.131
MinimumVisualStudioVersion = 10.0.40219.1
Project("{2150E333-8FDC-42A3-9474-1A3956D46DE8}") = "01 Užduotis", "01 Užduotis", "{8FFEB5C4-7BF6-4EE2-B3BA-F703465034FB}"
EndProject
Project("{FAE04EC0-301F-11D3-BF4B-00C04F79EFBC}") = "01 Užduotis", "01 Užduotis\01 Užduotis.csproj", "{E7022EDD-E5B6-40B1-9CD7-FD6F07EC2271}"
EndProject
Project("{2150E333-8FDC-42A3-9474-1A3956D46DE8}") = "02 Užduotis", "02 Užduotis", "{4D0FAB38-372A-4606-954E-03CB341B8D9A}"
EndProject
Project("{FAE04EC0-301F-11D3-BF4B-00C04F79EFBC}") = "02 Užduotis", "02 Užduotis\02 Užduotis.csproj", "{E9C72567-166D-4D1A-8F05-67229FF46810}"
EndProject
Project("{2150E333-8FDC-42A3-9474-1A3956D46DE8}") = "03 Užduotis", "03 Užduotis", "{F47973EE-0450-427B-8F77-CB2B41554A86}"
EndProject
Project("{FAE04EC0-301F-11D3-BF4B-00C04F79EFBC}") = "03 Užduotis", "03 Užduotis\03 Užduotis.csproj", "{CAC892D3-E838-44B3-9C01-5F59659AAB43}"
EndProject
Project("{2150E333-8FDC-42A3-9474-1A3956D46DE8}") = "04 Užduotis", "04 Užduotis", "{B9B6A27A-D56C-4B0D-ACD3-22CBF68F1DEF}"
EndProject
Project("{FAE04EC0-301F-11D3-BF4B-00C04F79EFBC}") = "04 Užduotis", "04 Užduotis\04 Užduotis.csproj", "{A6BE4448-E96E-435E-A28B-FF8F63D0CFBB}"
EndProject
Project("{2150E333-8FDC-42A3-9474-1A3956D46DE8}") = "05 Užduotis", "05 Užduotis", "{0646EA3E-F0EB-4461-9252-6F6FD9888B5D}"
EndProject
Project("{FAE04EC0-301F-11D3-BF4B-00C04F79EFBC}") = "05 Užduotis", "05 Užduoti\05 Užduotis.csproj", "{6A088F75-DB78-458B-913C-B7DF750BCFED}"
EndProject
Project("{2150E333-8FDC-42A3-9474-1A3956D46DE8}") = "06 Užduotis", "06 Užduotis", "{0364E359-1E10-43C4-806D-CEF232A1B004}"
EndProject
Project("{FAE04EC0-301F-11D3-BF4B-00C04F79EFBC}") = "06 Užduotis", "06 Užduotis\06 Užduotis.csproj", "{BBFF7D32-B674-4192-ACE5-B67D758A89B1}"
EndProject
Project("{2150E333-8FDC-42A3-9474-1A3956D46DE8}") = "07 Užduotis", "07 Užduotis", "{063AA165-99B0-4B2D-9780-BB318A087DA0}"
EndProject
Project("{FAE04EC0-301F-11D3-BF4B-00C04F79EFBC}") = "07 Užduotis", "07 Užduotis\07 Užduotis.csproj", "{8E32FE87-E945-42CA-8D3F-6CDB90028364}"
EndProject
Project("{2150E333-8FDC-42A3-9474-1A3956D46DE8}") = "08 Užduotis", "08 Užduotis", "{DD206E70-F1B6-44C0-8365-6428A62EA0F8}"
EndProject
Project("{FAE04EC0-301F-11D3-BF4B-00C04F79EFBC}") = "08 Užduotis", "08 Užduotis\08 Užduotis.csproj", "{D5C69BCA-BD9C-484D-BA3D-01F012DB6017}"
EndProject
Project("{2150E333-8FDC-42A3-9474-1A3956D46DE8}") = "09 Užduotis", "09 Užduotis", "{4CEADDB6-EC7F-41C3-8EB6-374543450435}"
EndProject
Project("{FAE04EC0-301F-11D3-BF4B-00C04F79EFBC}") = "09 Užduotis", "09 Užduotis\09 Užduotis.csproj", "{D33410C6-A2EA-4787-AFD4-6641BF2B8DAB}"
EndProject
Project("{2150E333-8FDC-42A3-9474-1A3956D46DE8}") = "10 Užduotis", "10 Užduotis", "{8737FAA0-A588-4715-9333-742111CB93D6}"
EndProject
Project("{FAE04EC0-301F-11D3-BF4B-00C04F79EFBC}") = "10 Užduotis", "10 Užduotis\10 Užduotis.csproj", "{F1478D90-2D86-4552-A928-2276353F9C5A}"
EndProject
Project("{2150E333-8FDC-42A3-9474-1A3956D46DE8}") = "11 Užduotis", "11 Užduotis", "{F4CB6E77-AE2F-4D4F-83FB-8B2D210313CD}"
EndProject
Project("{FAE04EC0-301F-11D3-BF4B-00C04F79EFBC}") = "11 Užduotis", "11 Užduotis\11 Užduotis.csproj", "{0974D9DF-D85D-4B42-8F48-FB80A943E437}"
EndProject
Project("{2150E333-8FDC-42A3-9474-1A3956D46DE8}") = "12 Užduotis", "12 Užduotis", "{FC237329-24FF-453D-B108-8EDDC1855233}"
EndProject
Project("{FAE04EC0-301F-11D3-BF4B-00C04F79EFBC}") = "12 Užduotis", "12 Užduotis\12 Užduotis.csproj", "{E7389E4A-B7D4-4B44-B877-F650C078062A}"
EndProject
Project("{2150E333-8FDC-42A3-9474-1A3956D46DE8}") = "13 Užduotis", "13 Užduotis", "{2A0C6175-DB3D-45A3-B1A7-22242BFA0B90}"
EndProject
Project("{FAE04EC0-301F-11D3-BF4B-00C04F79EFBC}") = "13 Užduotis", "13 Užduotis\13 Užduotis.csproj", "{44E5D1DA-49E8-4F4E-B8CC-0817B6301501}"
EndProject
Project("{2150E333-8FDC-42A3-9474-1A3956D46DE8}") = "14 Užduotis", "14 Užduotis", "{49017DA3-F168-4BB1-8373-BA8F3F34E2E3}"
EndProject
Project("{FAE04EC0-301F-11D3-BF4B-00C04F79EFBC}") = "14 Užduotis", "14 Užduotis\14 Užduotis.csproj", "{D7637175-5C27-4078-9451-CEEDEFFC4F57}"
EndProject
Project("{2150E333-8FDC-42A3-9474-1A3956D46DE8}") = "15 Užduotis", "15 Užduotis", "{3C2EABA6-1B69-49ED-9DBB-45EC13CFFBC4}"
EndProject
Project("{FAE04EC0-301F-11D3-BF4B-00C04F79EFBC}") = "15 Užduotis", "15 Užduotis\15 Užduotis.csproj", "{00093997-BB78-492F-AF82-25F796E43B82}"
EndProject
Project("{2150E333-8FDC-42A3-9474-1A3956D46DE8}") = "16 Užduotis", "16 Užduotis", "{2D969CBB-7A1A-43A2-9284-91A1A9D35341}"
EndProject
Project("{FAE04EC0-301F-11D3-BF4B-00C04F79EFBC}") = "16 Užduotis", "16 Užduotis\16 Užduotis.csproj", "{C9A444F3-C1C6-4BB0-B216-7B002B87A2EC}"
EndProject
Project("{2150E333-8FDC-42A3-9474-1A3956D46DE8}") = "17 Uzduotis", "17 Uzduotis", "{212E3DAB-88A3-4EF9-A19D-33662B46AC10}"
EndProject
Project("{FAE04EC0-301F-11D3-BF4B-00C04F79EFBC}") = "17 Uzduotis", "17 Uzduotis\17 Uzduotis.csproj", "{62B7EB0D-8FAD-4A55-9799-807E83104687}"
EndProject
Project("{2150E333-8FDC-42A3-9474-1A3956D46DE8}") = "18 Uzduotis", "18 Uzduotis", "{85F1E355-933A-4111-8B1F-93A1F047E719}"
EndProject
Project("{FAE04EC0-301F-11D3-BF4B-00C04F79EFBC}") = "18 Uzduotis", "18 Uzduotis\18 Uzduotis.csproj", "{7F25B807-3736-481B-B5BE-7BA3BD42F954}"
EndProject
Project("{2150E333-8FDC-42A3-9474-1A3956D46DE8}") = "19 Uzduotis", "19 Uzduotis", "{CDF8D2C5-C466-411C-B43E-0D20A4793E9D}"
EndProject
Project("{FAE04EC0-301F-11D3-BF4B-00C04F79EFBC}") = "19 Uzduotis", "19 Uzduotis\19 Uzduotis.csproj", "{2DD1E22F-37C2-4634-95FA-D537221FA6C3}"
EndProject
Project("{2150E333-8FDC-42A3-9474-1A3956D46DE8}") = "20 Uzduotis", "20 Uzduotis", "{F2D522D9-CA0F-4CAC-BB80-766724EA4E7F}"
EndProject
Project("{FAE04EC0-301F-11D3-BF4B-00C04F79EFBC}") = "20 Uzduotis", "20 Uzduotis\20 Uzduotis.csproj", "{E337C56A-B439-4B4D-937C-0FF4CBBE24A0}"
EndProject
Project("{2150E333-8FDC-42A3-9474-1A3956D46DE8}") = "21 Uzduotis", "21 Uzduotis", "{1A9B5B7B-3DD1-478A-9F3E-B24C7954501E}"
EndProject
Project("{FAE04EC0-301F-11D3-BF4B-00C04F79EFBC}") = "21 Uzduotis", "21 Uzduotis\21 Uzduotis.csproj", "{A8F515D4-4BC9-4019-B398-7A0D9E6DF5B9}"
EndProject
Project("{2150E333-8FDC-42A3-9474-1A3956D46DE8}") = "22 Uzduotis", "22 Uzduotis", "{AE564EF1-4FFB-4DAE-AD22-C1017FEF6FEF}"
EndProject
Project("{FAE04EC0-301F-11D3-BF4B-00C04F79EFBC}") = "22 Uzduotis", "22 Uzduotis\22 Uzduotis.csproj", "{4AC01B8E-B9C4-4DD7-86DC-16580653CE85}"
EndProject
Project("{2150E333-8FDC-42A3-9474-1A3956D46DE8}") = "23 Uzduotis", "23 Uzduotis", "{26671823-2672-4611-8197-16E136467458}"
EndProject
Project("{FAE04EC0-301F-11D3-BF4B-00C04F79EFBC}") = "23 Uzduotis", "23 Uzduotis\23 Uzduotis.csproj", "{2D1D89BE-AA1C-4363-AF82-83599A5103C3}"
EndProject
Project("{2150E333-8FDC-42A3-9474-1A3956D46DE8}") = "24 Uzduotis", "24 Uzduotis", "{E14EE9C2-B2F3-4750-B9F4-6273398B8FA4}"
EndProject
Project("{FAE04EC0-301F-11D3-BF4B-00C04F79EFBC}") = "24 Uzduotis", "24 Uzduotis\24 Uzduotis.csproj", "{F33AB136-ECDB-4346-9EB6-B5BBE7283781}"
EndProject
Project("{2150E333-8FDC-42A3-9474-1A3956D46DE8}") = "25 Uzduotis", "25 Uzduotis", "{D8F3DD25-4CDF-4DEA-9EA8-BACDEEE2A179}"
EndProject
Project("{FAE04EC0-301F-11D3-BF4B-00C04F79EFBC}") = "25 Uzduotis", "25 Uzduotis\25 Uzduotis.csproj", "{78B04130-39F0-40C2-9A1F-E900EAA33719}"
EndProject
Project("{2150E333-8FDC-42A3-9474-1A3956D46DE8}") = "26 Uzduotis", "26 Uzduotis", "{3A6AC88B-0CE8-4798-8F5D-94B6BE2BFAD0}"
EndProject
Project("{FAE04EC0-301F-11D3-BF4B-00C04F79EFBC}") = "26 Uzduotis", "26 Uzduotis\26 Uzduotis.csproj", "{EFAB46D0-4801-42ED-88FB-3DB4D4AF2A70}"
EndProject
Project("{2150E333-8FDC-42A3-9474-1A3956D46DE8}") = "27 Uzduotis", "27 Uzduotis", "{ED6DED37-1ACF-4424-BE88-F6D9A82B574A}"
EndProject
Project("{2150E333-8FDC-42A3-9474-1A3956D46DE8}") = "28 Uzduotis", "28 Uzduotis", "{05DAD3DF-36B5-4FD1-B278-CCAF2C4837AD}"
EndProject
Project("{2150E333-8FDC-42A3-9474-1A3956D46DE8}") = "29 Uzduotis", "29 Uzduotis", "{11056832-68EB-4C0E-8995-22209BF1E91D}"
EndProject
Project("{2150E333-8FDC-42A3-9474-1A3956D46DE8}") = "30 Uzduotis", "30 Uzduotis", "{B314654C-B0BC-4BE0-AA56-42C67ADF1801}"
EndProject
Project("{2150E333-8FDC-42A3-9474-1A3956D46DE8}") = "31 Uzduotis", "31 Uzduotis", "{A879B223-439B-4555-9A66-D4026B2CC4B4}"
EndProject
Project("{2150E333-8FDC-42A3-9474-1A3956D46DE8}") = "32 Uzduotis", "32 Uzduotis", "{857D9FA1-8140-4467-929B-EA7940FADD43}"
EndProject
Project("{2150E333-8FDC-42A3-9474-1A3956D46DE8}") = "33 Uzduotis", "33 Uzduotis", "{B5865836-9AEC-4FB3-9BB1-17F377A80263}"
EndProject
Project("{2150E333-8FDC-42A3-9474-1A3956D46DE8}") = "34 Uzduotis", "34 Uzduotis", "{80CDB52C-FBFC-4B2F-AF38-9C7349DB1B3A}"
EndProject
Project("{2150E333-8FDC-42A3-9474-1A3956D46DE8}") = "35 Uzduotis", "35 Uzduotis", "{E2AD9D54-0A69-4652-984A-449C0B1F3B96}"
EndProject
Project("{2150E333-8FDC-42A3-9474-1A3956D46DE8}") = "36 Uzduotis", "36 Uzduotis", "{D1C65753-F3C6-4EF5-A1E5-88549E0D2601}"
EndProject
Project("{2150E333-8FDC-42A3-9474-1A3956D46DE8}") = "37 Uzduotis", "37 Uzduotis", "{486934F8-EF49-467C-855B-F803763D2EF8}"
EndProject
Project("{2150E333-8FDC-42A3-9474-1A3956D46DE8}") = "38 Uzduotis", "38 Uzduotis", "{3008E4BE-27DC-4C26-94C1-8E50D7673FD0}"
EndProject
Project("{2150E333-8FDC-42A3-9474-1A3956D46DE8}") = "39 Uzduotis", "39 Uzduotis", "{C51C53F4-AA81-46C6-AC4A-5BAB5566C60E}"
EndProject
Project("{FAE04EC0-301F-11D3-BF4B-00C04F79EFBC}") = "27 Uzduotis", "27 Uzduotis\27 Uzduotis.csproj", "{A00CFC23-B4B4-4CEF-89BA-261211207EBE}"
EndProject
Project("{FAE04EC0-301F-11D3-BF4B-00C04F79EFBC}") = "28 Uzduotis", "28 Uzduotis\28 Uzduotis.csproj", "{28D5ECE8-041D-4C24-952F-C6617AD1D06B}"
EndProject
Project("{FAE04EC0-301F-11D3-BF4B-00C04F79EFBC}") = "29 Uzduotis", "29 Uzduotis\29 Uzduotis.csproj", "{29626AF6-5629-4338-BC85-C45840512F6E}"
EndProject
Project("{FAE04EC0-301F-11D3-BF4B-00C04F79EFBC}") = "30 Uzduotis", "30 Uzduotis\30 Uzduotis.csproj", "{86A79865-8A67-4BED-8F03-064FF37265A5}"
EndProject
Project("{FAE04EC0-301F-11D3-BF4B-00C04F79EFBC}") = "31 Uzduotis", "31 Uzduotis\31 Uzduotis.csproj", "{0B35E617-8565-4956-AF7C-95499DB4D535}"
EndProject
Project("{FAE04EC0-301F-11D3-BF4B-00C04F79EFBC}") = "32 Uzduotis", "32 Uzduotis\32 Uzduotis.csproj", "{D7C595FA-C581-442E-80FF-F52B2E59292D}"
EndProject
Project("{FAE04EC0-301F-11D3-BF4B-00C04F79EFBC}") = "33 Uzduotis", "33 Uzduotis\33 Uzduotis.csproj", "{0BD02CD2-9D4F-43A8-AF8D-B74BFB0542A1}"
EndProject
Global
	GlobalSection(SolutionConfigurationPlatforms) = preSolution
		Debug|Any CPU = Debug|Any CPU
		Release|Any CPU = Release|Any CPU
	EndGlobalSection
	GlobalSection(ProjectConfigurationPlatforms) = postSolution
		{E7022EDD-E5B6-40B1-9CD7-FD6F07EC2271}.Debug|Any CPU.ActiveCfg = Debug|Any CPU
		{E7022EDD-E5B6-40B1-9CD7-FD6F07EC2271}.Debug|Any CPU.Build.0 = Debug|Any CPU
		{E7022EDD-E5B6-40B1-9CD7-FD6F07EC2271}.Release|Any CPU.ActiveCfg = Release|Any CPU
		{E7022EDD-E5B6-40B1-9CD7-FD6F07EC2271}.Release|Any CPU.Build.0 = Release|Any CPU
		{E9C72567-166D-4D1A-8F05-67229FF46810}.Debug|Any CPU.ActiveCfg = Debug|Any CPU
		{E9C72567-166D-4D1A-8F05-67229FF46810}.Debug|Any CPU.Build.0 = Debug|Any CPU
		{E9C72567-166D-4D1A-8F05-67229FF46810}.Release|Any CPU.ActiveCfg = Release|Any CPU
		{E9C72567-166D-4D1A-8F05-67229FF46810}.Release|Any CPU.Build.0 = Release|Any CPU
		{CAC892D3-E838-44B3-9C01-5F59659AAB43}.Debug|Any CPU.ActiveCfg = Debug|Any CPU
		{CAC892D3-E838-44B3-9C01-5F59659AAB43}.Debug|Any CPU.Build.0 = Debug|Any CPU
		{CAC892D3-E838-44B3-9C01-5F59659AAB43}.Release|Any CPU.ActiveCfg = Release|Any CPU
		{CAC892D3-E838-44B3-9C01-5F59659AAB43}.Release|Any CPU.Build.0 = Release|Any CPU
		{A6BE4448-E96E-435E-A28B-FF8F63D0CFBB}.Debug|Any CPU.ActiveCfg = Debug|Any CPU
		{A6BE4448-E96E-435E-A28B-FF8F63D0CFBB}.Debug|Any CPU.Build.0 = Debug|Any CPU
		{A6BE4448-E96E-435E-A28B-FF8F63D0CFBB}.Release|Any CPU.ActiveCfg = Release|Any CPU
		{A6BE4448-E96E-435E-A28B-FF8F63D0CFBB}.Release|Any CPU.Build.0 = Release|Any CPU
		{6A088F75-DB78-458B-913C-B7DF750BCFED}.Debug|Any CPU.ActiveCfg = Debug|Any CPU
		{6A088F75-DB78-458B-913C-B7DF750BCFED}.Debug|Any CPU.Build.0 = Debug|Any CPU
		{6A088F75-DB78-458B-913C-B7DF750BCFED}.Release|Any CPU.ActiveCfg = Release|Any CPU
		{6A088F75-DB78-458B-913C-B7DF750BCFED}.Release|Any CPU.Build.0 = Release|Any CPU
		{BBFF7D32-B674-4192-ACE5-B67D758A89B1}.Debug|Any CPU.ActiveCfg = Debug|Any CPU
		{BBFF7D32-B674-4192-ACE5-B67D758A89B1}.Debug|Any CPU.Build.0 = Debug|Any CPU
		{BBFF7D32-B674-4192-ACE5-B67D758A89B1}.Release|Any CPU.ActiveCfg = Release|Any CPU
		{BBFF7D32-B674-4192-ACE5-B67D758A89B1}.Release|Any CPU.Build.0 = Release|Any CPU
		{8E32FE87-E945-42CA-8D3F-6CDB90028364}.Debug|Any CPU.ActiveCfg = Debug|Any CPU
		{8E32FE87-E945-42CA-8D3F-6CDB90028364}.Debug|Any CPU.Build.0 = Debug|Any CPU
		{8E32FE87-E945-42CA-8D3F-6CDB90028364}.Release|Any CPU.ActiveCfg = Release|Any CPU
		{8E32FE87-E945-42CA-8D3F-6CDB90028364}.Release|Any CPU.Build.0 = Release|Any CPU
		{D5C69BCA-BD9C-484D-BA3D-01F012DB6017}.Debug|Any CPU.ActiveCfg = Debug|Any CPU
		{D5C69BCA-BD9C-484D-BA3D-01F012DB6017}.Debug|Any CPU.Build.0 = Debug|Any CPU
		{D5C69BCA-BD9C-484D-BA3D-01F012DB6017}.Release|Any CPU.ActiveCfg = Release|Any CPU
		{D5C69BCA-BD9C-484D-BA3D-01F012DB6017}.Release|Any CPU.Build.0 = Release|Any CPU
		{D33410C6-A2EA-4787-AFD4-6641BF2B8DAB}.Debug|Any CPU.ActiveCfg = Debug|Any CPU
		{D33410C6-A2EA-4787-AFD4-6641BF2B8DAB}.Debug|Any CPU.Build.0 = Debug|Any CPU
		{D33410C6-A2EA-4787-AFD4-6641BF2B8DAB}.Release|Any CPU.ActiveCfg = Release|Any CPU
		{D33410C6-A2EA-4787-AFD4-6641BF2B8DAB}.Release|Any CPU.Build.0 = Release|Any CPU
		{F1478D90-2D86-4552-A928-2276353F9C5A}.Debug|Any CPU.ActiveCfg = Debug|Any CPU
		{F1478D90-2D86-4552-A928-2276353F9C5A}.Debug|Any CPU.Build.0 = Debug|Any CPU
		{F1478D90-2D86-4552-A928-2276353F9C5A}.Release|Any CPU.ActiveCfg = Release|Any CPU
		{F1478D90-2D86-4552-A928-2276353F9C5A}.Release|Any CPU.Build.0 = Release|Any CPU
		{0974D9DF-D85D-4B42-8F48-FB80A943E437}.Debug|Any CPU.ActiveCfg = Debug|Any CPU
		{0974D9DF-D85D-4B42-8F48-FB80A943E437}.Debug|Any CPU.Build.0 = Debug|Any CPU
		{0974D9DF-D85D-4B42-8F48-FB80A943E437}.Release|Any CPU.ActiveCfg = Release|Any CPU
		{0974D9DF-D85D-4B42-8F48-FB80A943E437}.Release|Any CPU.Build.0 = Release|Any CPU
		{E7389E4A-B7D4-4B44-B877-F650C078062A}.Debug|Any CPU.ActiveCfg = Debug|Any CPU
		{E7389E4A-B7D4-4B44-B877-F650C078062A}.Debug|Any CPU.Build.0 = Debug|Any CPU
		{E7389E4A-B7D4-4B44-B877-F650C078062A}.Release|Any CPU.ActiveCfg = Release|Any CPU
		{E7389E4A-B7D4-4B44-B877-F650C078062A}.Release|Any CPU.Build.0 = Release|Any CPU
		{44E5D1DA-49E8-4F4E-B8CC-0817B6301501}.Debug|Any CPU.ActiveCfg = Debug|Any CPU
		{44E5D1DA-49E8-4F4E-B8CC-0817B6301501}.Debug|Any CPU.Build.0 = Debug|Any CPU
		{44E5D1DA-49E8-4F4E-B8CC-0817B6301501}.Release|Any CPU.ActiveCfg = Release|Any CPU
		{44E5D1DA-49E8-4F4E-B8CC-0817B6301501}.Release|Any CPU.Build.0 = Release|Any CPU
		{D7637175-5C27-4078-9451-CEEDEFFC4F57}.Debug|Any CPU.ActiveCfg = Debug|Any CPU
		{D7637175-5C27-4078-9451-CEEDEFFC4F57}.Debug|Any CPU.Build.0 = Debug|Any CPU
		{D7637175-5C27-4078-9451-CEEDEFFC4F57}.Release|Any CPU.ActiveCfg = Release|Any CPU
		{D7637175-5C27-4078-9451-CEEDEFFC4F57}.Release|Any CPU.Build.0 = Release|Any CPU
		{00093997-BB78-492F-AF82-25F796E43B82}.Debug|Any CPU.ActiveCfg = Debug|Any CPU
		{00093997-BB78-492F-AF82-25F796E43B82}.Debug|Any CPU.Build.0 = Debug|Any CPU
		{00093997-BB78-492F-AF82-25F796E43B82}.Release|Any CPU.ActiveCfg = Release|Any CPU
		{00093997-BB78-492F-AF82-25F796E43B82}.Release|Any CPU.Build.0 = Release|Any CPU
		{C9A444F3-C1C6-4BB0-B216-7B002B87A2EC}.Debug|Any CPU.ActiveCfg = Debug|Any CPU
		{C9A444F3-C1C6-4BB0-B216-7B002B87A2EC}.Debug|Any CPU.Build.0 = Debug|Any CPU
		{C9A444F3-C1C6-4BB0-B216-7B002B87A2EC}.Release|Any CPU.ActiveCfg = Release|Any CPU
		{C9A444F3-C1C6-4BB0-B216-7B002B87A2EC}.Release|Any CPU.Build.0 = Release|Any CPU
		{62B7EB0D-8FAD-4A55-9799-807E83104687}.Debug|Any CPU.ActiveCfg = Debug|Any CPU
		{62B7EB0D-8FAD-4A55-9799-807E83104687}.Debug|Any CPU.Build.0 = Debug|Any CPU
		{62B7EB0D-8FAD-4A55-9799-807E83104687}.Release|Any CPU.ActiveCfg = Release|Any CPU
		{62B7EB0D-8FAD-4A55-9799-807E83104687}.Release|Any CPU.Build.0 = Release|Any CPU
		{7F25B807-3736-481B-B5BE-7BA3BD42F954}.Debug|Any CPU.ActiveCfg = Debug|Any CPU
		{7F25B807-3736-481B-B5BE-7BA3BD42F954}.Debug|Any CPU.Build.0 = Debug|Any CPU
		{7F25B807-3736-481B-B5BE-7BA3BD42F954}.Release|Any CPU.ActiveCfg = Release|Any CPU
		{7F25B807-3736-481B-B5BE-7BA3BD42F954}.Release|Any CPU.Build.0 = Release|Any CPU
		{2DD1E22F-37C2-4634-95FA-D537221FA6C3}.Debug|Any CPU.ActiveCfg = Debug|Any CPU
		{2DD1E22F-37C2-4634-95FA-D537221FA6C3}.Debug|Any CPU.Build.0 = Debug|Any CPU
		{2DD1E22F-37C2-4634-95FA-D537221FA6C3}.Release|Any CPU.ActiveCfg = Release|Any CPU
		{2DD1E22F-37C2-4634-95FA-D537221FA6C3}.Release|Any CPU.Build.0 = Release|Any CPU
		{E337C56A-B439-4B4D-937C-0FF4CBBE24A0}.Debug|Any CPU.ActiveCfg = Debug|Any CPU
		{E337C56A-B439-4B4D-937C-0FF4CBBE24A0}.Debug|Any CPU.Build.0 = Debug|Any CPU
		{E337C56A-B439-4B4D-937C-0FF4CBBE24A0}.Release|Any CPU.ActiveCfg = Release|Any CPU
		{E337C56A-B439-4B4D-937C-0FF4CBBE24A0}.Release|Any CPU.Build.0 = Release|Any CPU
		{A8F515D4-4BC9-4019-B398-7A0D9E6DF5B9}.Debug|Any CPU.ActiveCfg = Debug|Any CPU
		{A8F515D4-4BC9-4019-B398-7A0D9E6DF5B9}.Debug|Any CPU.Build.0 = Debug|Any CPU
		{A8F515D4-4BC9-4019-B398-7A0D9E6DF5B9}.Release|Any CPU.ActiveCfg = Release|Any CPU
		{A8F515D4-4BC9-4019-B398-7A0D9E6DF5B9}.Release|Any CPU.Build.0 = Release|Any CPU
		{4AC01B8E-B9C4-4DD7-86DC-16580653CE85}.Debug|Any CPU.ActiveCfg = Debug|Any CPU
		{4AC01B8E-B9C4-4DD7-86DC-16580653CE85}.Debug|Any CPU.Build.0 = Debug|Any CPU
		{4AC01B8E-B9C4-4DD7-86DC-16580653CE85}.Release|Any CPU.ActiveCfg = Release|Any CPU
		{4AC01B8E-B9C4-4DD7-86DC-16580653CE85}.Release|Any CPU.Build.0 = Release|Any CPU
		{2D1D89BE-AA1C-4363-AF82-83599A5103C3}.Debug|Any CPU.ActiveCfg = Debug|Any CPU
		{2D1D89BE-AA1C-4363-AF82-83599A5103C3}.Debug|Any CPU.Build.0 = Debug|Any CPU
		{2D1D89BE-AA1C-4363-AF82-83599A5103C3}.Release|Any CPU.ActiveCfg = Release|Any CPU
		{2D1D89BE-AA1C-4363-AF82-83599A5103C3}.Release|Any CPU.Build.0 = Release|Any CPU
		{F33AB136-ECDB-4346-9EB6-B5BBE7283781}.Debug|Any CPU.ActiveCfg = Debug|Any CPU
		{F33AB136-ECDB-4346-9EB6-B5BBE7283781}.Debug|Any CPU.Build.0 = Debug|Any CPU
		{F33AB136-ECDB-4346-9EB6-B5BBE7283781}.Release|Any CPU.ActiveCfg = Release|Any CPU
		{F33AB136-ECDB-4346-9EB6-B5BBE7283781}.Release|Any CPU.Build.0 = Release|Any CPU
		{78B04130-39F0-40C2-9A1F-E900EAA33719}.Debug|Any CPU.ActiveCfg = Debug|Any CPU
		{78B04130-39F0-40C2-9A1F-E900EAA33719}.Debug|Any CPU.Build.0 = Debug|Any CPU
		{78B04130-39F0-40C2-9A1F-E900EAA33719}.Release|Any CPU.ActiveCfg = Release|Any CPU
		{78B04130-39F0-40C2-9A1F-E900EAA33719}.Release|Any CPU.Build.0 = Release|Any CPU
		{EFAB46D0-4801-42ED-88FB-3DB4D4AF2A70}.Debug|Any CPU.ActiveCfg = Debug|Any CPU
		{EFAB46D0-4801-42ED-88FB-3DB4D4AF2A70}.Debug|Any CPU.Build.0 = Debug|Any CPU
		{EFAB46D0-4801-42ED-88FB-3DB4D4AF2A70}.Release|Any CPU.ActiveCfg = Release|Any CPU
		{EFAB46D0-4801-42ED-88FB-3DB4D4AF2A70}.Release|Any CPU.Build.0 = Release|Any CPU
		{A00CFC23-B4B4-4CEF-89BA-261211207EBE}.Debug|Any CPU.ActiveCfg = Debug|Any CPU
		{A00CFC23-B4B4-4CEF-89BA-261211207EBE}.Debug|Any CPU.Build.0 = Debug|Any CPU
		{A00CFC23-B4B4-4CEF-89BA-261211207EBE}.Release|Any CPU.ActiveCfg = Release|Any CPU
		{A00CFC23-B4B4-4CEF-89BA-261211207EBE}.Release|Any CPU.Build.0 = Release|Any CPU
		{28D5ECE8-041D-4C24-952F-C6617AD1D06B}.Debug|Any CPU.ActiveCfg = Debug|Any CPU
		{28D5ECE8-041D-4C24-952F-C6617AD1D06B}.Debug|Any CPU.Build.0 = Debug|Any CPU
		{28D5ECE8-041D-4C24-952F-C6617AD1D06B}.Release|Any CPU.ActiveCfg = Release|Any CPU
		{28D5ECE8-041D-4C24-952F-C6617AD1D06B}.Release|Any CPU.Build.0 = Release|Any CPU
		{29626AF6-5629-4338-BC85-C45840512F6E}.Debug|Any CPU.ActiveCfg = Debug|Any CPU
		{29626AF6-5629-4338-BC85-C45840512F6E}.Debug|Any CPU.Build.0 = Debug|Any CPU
		{29626AF6-5629-4338-BC85-C45840512F6E}.Release|Any CPU.ActiveCfg = Release|Any CPU
		{29626AF6-5629-4338-BC85-C45840512F6E}.Release|Any CPU.Build.0 = Release|Any CPU
		{86A79865-8A67-4BED-8F03-064FF37265A5}.Debug|Any CPU.ActiveCfg = Debug|Any CPU
		{86A79865-8A67-4BED-8F03-064FF37265A5}.Debug|Any CPU.Build.0 = Debug|Any CPU
		{86A79865-8A67-4BED-8F03-064FF37265A5}.Release|Any CPU.ActiveCfg = Release|Any CPU
		{86A79865-8A67-4BED-8F03-064FF37265A5}.Release|Any CPU.Build.0 = Release|Any CPU
		{0B35E617-8565-4956-AF7C-95499DB4D535}.Debug|Any CPU.ActiveCfg = Debug|Any CPU
		{0B35E617-8565-4956-AF7C-95499DB4D535}.Debug|Any CPU.Build.0 = Debug|Any CPU
		{0B35E617-8565-4956-AF7C-95499DB4D535}.Release|Any CPU.ActiveCfg = Release|Any CPU
		{0B35E617-8565-4956-AF7C-95499DB4D535}.Release|Any CPU.Build.0 = Release|Any CPU
		{D7C595FA-C581-442E-80FF-F52B2E59292D}.Debug|Any CPU.ActiveCfg = Debug|Any CPU
		{D7C595FA-C581-442E-80FF-F52B2E59292D}.Debug|Any CPU.Build.0 = Debug|Any CPU
		{D7C595FA-C581-442E-80FF-F52B2E59292D}.Release|Any CPU.ActiveCfg = Release|Any CPU
		{D7C595FA-C581-442E-80FF-F52B2E59292D}.Release|Any CPU.Build.0 = Release|Any CPU
		{0BD02CD2-9D4F-43A8-AF8D-B74BFB0542A1}.Debug|Any CPU.ActiveCfg = Debug|Any CPU
		{0BD02CD2-9D4F-43A8-AF8D-B74BFB0542A1}.Debug|Any CPU.Build.0 = Debug|Any CPU
		{0BD02CD2-9D4F-43A8-AF8D-B74BFB0542A1}.Release|Any CPU.ActiveCfg = Release|Any CPU
		{0BD02CD2-9D4F-43A8-AF8D-B74BFB0542A1}.Release|Any CPU.Build.0 = Release|Any CPU
	EndGlobalSection
	GlobalSection(SolutionProperties) = preSolution
		HideSolutionNode = FALSE
	EndGlobalSection
	GlobalSection(NestedProjects) = preSolution
		{E7022EDD-E5B6-40B1-9CD7-FD6F07EC2271} = {8FFEB5C4-7BF6-4EE2-B3BA-F703465034FB}
		{E9C72567-166D-4D1A-8F05-67229FF46810} = {4D0FAB38-372A-4606-954E-03CB341B8D9A}
		{CAC892D3-E838-44B3-9C01-5F59659AAB43} = {F47973EE-0450-427B-8F77-CB2B41554A86}
		{A6BE4448-E96E-435E-A28B-FF8F63D0CFBB} = {B9B6A27A-D56C-4B0D-ACD3-22CBF68F1DEF}
		{6A088F75-DB78-458B-913C-B7DF750BCFED} = {0646EA3E-F0EB-4461-9252-6F6FD9888B5D}
		{BBFF7D32-B674-4192-ACE5-B67D758A89B1} = {0364E359-1E10-43C4-806D-CEF232A1B004}
		{8E32FE87-E945-42CA-8D3F-6CDB90028364} = {063AA165-99B0-4B2D-9780-BB318A087DA0}
		{D5C69BCA-BD9C-484D-BA3D-01F012DB6017} = {DD206E70-F1B6-44C0-8365-6428A62EA0F8}
		{D33410C6-A2EA-4787-AFD4-6641BF2B8DAB} = {4CEADDB6-EC7F-41C3-8EB6-374543450435}
		{F1478D90-2D86-4552-A928-2276353F9C5A} = {8737FAA0-A588-4715-9333-742111CB93D6}
		{0974D9DF-D85D-4B42-8F48-FB80A943E437} = {F4CB6E77-AE2F-4D4F-83FB-8B2D210313CD}
		{E7389E4A-B7D4-4B44-B877-F650C078062A} = {FC237329-24FF-453D-B108-8EDDC1855233}
		{44E5D1DA-49E8-4F4E-B8CC-0817B6301501} = {2A0C6175-DB3D-45A3-B1A7-22242BFA0B90}
		{D7637175-5C27-4078-9451-CEEDEFFC4F57} = {49017DA3-F168-4BB1-8373-BA8F3F34E2E3}
		{00093997-BB78-492F-AF82-25F796E43B82} = {3C2EABA6-1B69-49ED-9DBB-45EC13CFFBC4}
		{C9A444F3-C1C6-4BB0-B216-7B002B87A2EC} = {2D969CBB-7A1A-43A2-9284-91A1A9D35341}
		{62B7EB0D-8FAD-4A55-9799-807E83104687} = {212E3DAB-88A3-4EF9-A19D-33662B46AC10}
		{7F25B807-3736-481B-B5BE-7BA3BD42F954} = {85F1E355-933A-4111-8B1F-93A1F047E719}
		{2DD1E22F-37C2-4634-95FA-D537221FA6C3} = {CDF8D2C5-C466-411C-B43E-0D20A4793E9D}
		{E337C56A-B439-4B4D-937C-0FF4CBBE24A0} = {F2D522D9-CA0F-4CAC-BB80-766724EA4E7F}
		{A8F515D4-4BC9-4019-B398-7A0D9E6DF5B9} = {1A9B5B7B-3DD1-478A-9F3E-B24C7954501E}
		{4AC01B8E-B9C4-4DD7-86DC-16580653CE85} = {AE564EF1-4FFB-4DAE-AD22-C1017FEF6FEF}
		{2D1D89BE-AA1C-4363-AF82-83599A5103C3} = {26671823-2672-4611-8197-16E136467458}
		{F33AB136-ECDB-4346-9EB6-B5BBE7283781} = {E14EE9C2-B2F3-4750-B9F4-6273398B8FA4}
		{78B04130-39F0-40C2-9A1F-E900EAA33719} = {D8F3DD25-4CDF-4DEA-9EA8-BACDEEE2A179}
		{EFAB46D0-4801-42ED-88FB-3DB4D4AF2A70} = {3A6AC88B-0CE8-4798-8F5D-94B6BE2BFAD0}
		{A00CFC23-B4B4-4CEF-89BA-261211207EBE} = {ED6DED37-1ACF-4424-BE88-F6D9A82B574A}
		{28D5ECE8-041D-4C24-952F-C6617AD1D06B} = {05DAD3DF-36B5-4FD1-B278-CCAF2C4837AD}
		{29626AF6-5629-4338-BC85-C45840512F6E} = {11056832-68EB-4C0E-8995-22209BF1E91D}
		{86A79865-8A67-4BED-8F03-064FF37265A5} = {B314654C-B0BC-4BE0-AA56-42C67ADF1801}
		{0B35E617-8565-4956-AF7C-95499DB4D535} = {A879B223-439B-4555-9A66-D4026B2CC4B4}
		{D7C595FA-C581-442E-80FF-F52B2E59292D} = {857D9FA1-8140-4467-929B-EA7940FADD43}
		{0BD02CD2-9D4F-43A8-AF8D-B74BFB0542A1} = {B5865836-9AEC-4FB3-9BB1-17F377A80263}
	EndGlobalSection
	GlobalSection(ExtensibilityGlobals) = postSolution
		SolutionGuid = {483AF878-3EEE-4FEF-8D26-46F534D027CF}
	EndGlobalSection
EndGlobal
