
Microsoft Visual Studio Solution File, Format Version 12.00
# Visual Studio Version 17
VisualStudioVersion = 17.5.33424.131
MinimumVisualStudioVersion = 10.0.40219.1
Project("{2150E333-8FDC-42A3-9474-1A3956D46DE8}") = "01 Užduotis", "01 Užduotis", "{8FFEB5C4-7BF6-4EE2-B3BA-F703465034FB}"
EndProject
Project("{FAE04EC0-301F-11D3-BF4B-00C04F79EFBC}") = "01 Užduotis", "01 Užduotis\01 Užduotis.csproj", "{E7022EDD-E5B6-40B1-9CD7-FD6F07EC2271}"
EndProject
Project("{2150E333-8FDC-42A3-9474-1A3956D46DE8}") = "02 Užduotis", "02 Užduotis", "{4D0FAB38-372A-4606-954E-03CB341B8D9A}"
EndProject
Project("{FAE04EC0-301F-11D3-BF4B-00C04F79EFBC}") = "02 Užduotis", "02 Užduotis\02 Užduotis.csproj", "{E9C72567-166D-4D1A-8F05-67229FF46810}"
EndProject
Project("{2150E333-8FDC-42A3-9474-1A3956D46DE8}") = "03 Užduotis", "03 Užduotis", "{F47973EE-0450-427B-8F77-CB2B41554A86}"
EndProject
Project("{FAE04EC0-301F-11D3-BF4B-00C04F79EFBC}") = "03 Užduotis", "03 Užduotis\03 Užduotis.csproj", "{CAC892D3-E838-44B3-9C01-5F59659AAB43}"
EndProject
Project("{2150E333-8FDC-42A3-9474-1A3956D46DE8}") = "04 Užduotis", "04 Užduotis", "{B9B6A27A-D56C-4B0D-ACD3-22CBF68F1DEF}"
EndProject
Project("{FAE04EC0-301F-11D3-BF4B-00C04F79EFBC}") = "04 Užduotis", "04 Užduotis\04 Užduotis.csproj", "{A6BE4448-E96E-435E-A28B-FF8F63D0CFBB}"
EndProject
Project("{2150E333-8FDC-42A3-9474-1A3956D46DE8}") = "05 Užduotis", "05 Užduotis", "{0646EA3E-F0EB-4461-9252-6F6FD9888B5D}"
EndProject
Project("{FAE04EC0-301F-11D3-BF4B-00C04F79EFBC}") = "05 Užduotis", "05 Užduoti\05 Užduotis.csproj", "{6A088F75-DB78-458B-913C-B7DF750BCFED}"
EndProject
Project("{2150E333-8FDC-42A3-9474-1A3956D46DE8}") = "06 Užduotis", "06 Užduotis", "{0364E359-1E10-43C4-806D-CEF232A1B004}"
EndProject
Project("{FAE04EC0-301F-11D3-BF4B-00C04F79EFBC}") = "06 Užduotis", "06 Užduotis\06 Užduotis.csproj", "{BBFF7D32-B674-4192-ACE5-B67D758A89B1}"
EndProject
Project("{2150E333-8FDC-42A3-9474-1A3956D46DE8}") = "07 Užduotis", "07 Užduotis", "{063AA165-99B0-4B2D-9780-BB318A087DA0}"
EndProject
Project("{FAE04EC0-301F-11D3-BF4B-00C04F79EFBC}") = "07 Užduotis", "07 Užduotis\07 Užduotis.csproj", "{8E32FE87-E945-42CA-8D3F-6CDB90028364}"
EndProject
Project("{2150E333-8FDC-42A3-9474-1A3956D46DE8}") = "08 Užduotis", "08 Užduotis", "{DD206E70-F1B6-44C0-8365-6428A62EA0F8}"
EndProject
Project("{FAE04EC0-301F-11D3-BF4B-00C04F79EFBC}") = "08 Užduotis", "08 Užduotis\08 Užduotis.csproj", "{D5C69BCA-BD9C-484D-BA3D-01F012DB6017}"
EndProject
Project("{2150E333-8FDC-42A3-9474-1A3956D46DE8}") = "09 Užduotis", "09 Užduotis", "{4CEADDB6-EC7F-41C3-8EB6-374543450435}"
EndProject
Project("{FAE04EC0-301F-11D3-BF4B-00C04F79EFBC}") = "09 Užduotis", "09 Užduotis\09 Užduotis.csproj", "{D33410C6-A2EA-4787-AFD4-6641BF2B8DAB}"
EndProject
Project("{2150E333-8FDC-42A3-9474-1A3956D46DE8}") = "10 Užduotis", "10 Užduotis", "{8737FAA0-A588-4715-9333-742111CB93D6}"
EndProject
Project("{FAE04EC0-301F-11D3-BF4B-00C04F79EFBC}") = "10 Užduotis", "10 Užduotis\10 Užduotis.csproj", "{F1478D90-2D86-4552-A928-2276353F9C5A}"
EndProject
Project("{2150E333-8FDC-42A3-9474-1A3956D46DE8}") = "11 Užduotis", "11 Užduotis", "{F4CB6E77-AE2F-4D4F-83FB-8B2D210313CD}"
EndProject
Project("{FAE04EC0-301F-11D3-BF4B-00C04F79EFBC}") = "11 Užduotis", "11 Užduotis\11 Užduotis.csproj", "{0974D9DF-D85D-4B42-8F48-FB80A943E437}"
EndProject
Project("{2150E333-8FDC-42A3-9474-1A3956D46DE8}") = "12 Užduotis", "12 Užduotis", "{FC237329-24FF-453D-B108-8EDDC1855233}"
EndProject
Project("{FAE04EC0-301F-11D3-BF4B-00C04F79EFBC}") = "12 Užduotis", "12 Užduotis\12 Užduotis.csproj", "{E7389E4A-B7D4-4B44-B877-F650C078062A}"
EndProject
Project("{2150E333-8FDC-42A3-9474-1A3956D46DE8}") = "13 Užduotis", "13 Užduotis", "{2A0C6175-DB3D-45A3-B1A7-22242BFA0B90}"
EndProject
Project("{FAE04EC0-301F-11D3-BF4B-00C04F79EFBC}") = "13 Užduotis", "13 Užduotis\13 Užduotis.csproj", "{44E5D1DA-49E8-4F4E-B8CC-0817B6301501}"
EndProject
Project("{2150E333-8FDC-42A3-9474-1A3956D46DE8}") = "14 Užduotis", "14 Užduotis", "{49017DA3-F168-4BB1-8373-BA8F3F34E2E3}"
EndProject
Project("{FAE04EC0-301F-11D3-BF4B-00C04F79EFBC}") = "14 Užduotis", "14 Užduotis\14 Užduotis.csproj", "{D7637175-5C27-4078-9451-CEEDEFFC4F57}"
EndProject
Global
	GlobalSection(SolutionConfigurationPlatforms) = preSolution
		Debug|Any CPU = Debug|Any CPU
		Release|Any CPU = Release|Any CPU
	EndGlobalSection
	GlobalSection(ProjectConfigurationPlatforms) = postSolution
		{E7022EDD-E5B6-40B1-9CD7-FD6F07EC2271}.Debug|Any CPU.ActiveCfg = Debug|Any CPU
		{E7022EDD-E5B6-40B1-9CD7-FD6F07EC2271}.Debug|Any CPU.Build.0 = Debug|Any CPU
		{E7022EDD-E5B6-40B1-9CD7-FD6F07EC2271}.Release|Any CPU.ActiveCfg = Release|Any CPU
		{E7022EDD-E5B6-40B1-9CD7-FD6F07EC2271}.Release|Any CPU.Build.0 = Release|Any CPU
		{E9C72567-166D-4D1A-8F05-67229FF46810}.Debug|Any CPU.ActiveCfg = Debug|Any CPU
		{E9C72567-166D-4D1A-8F05-67229FF46810}.Debug|Any CPU.Build.0 = Debug|Any CPU
		{E9C72567-166D-4D1A-8F05-67229FF46810}.Release|Any CPU.ActiveCfg = Release|Any CPU
		{E9C72567-166D-4D1A-8F05-67229FF46810}.Release|Any CPU.Build.0 = Release|Any CPU
		{CAC892D3-E838-44B3-9C01-5F59659AAB43}.Debug|Any CPU.ActiveCfg = Debug|Any CPU
		{CAC892D3-E838-44B3-9C01-5F59659AAB43}.Debug|Any CPU.Build.0 = Debug|Any CPU
		{CAC892D3-E838-44B3-9C01-5F59659AAB43}.Release|Any CPU.ActiveCfg = Release|Any CPU
		{CAC892D3-E838-44B3-9C01-5F59659AAB43}.Release|Any CPU.Build.0 = Release|Any CPU
		{A6BE4448-E96E-435E-A28B-FF8F63D0CFBB}.Debug|Any CPU.ActiveCfg = Debug|Any CPU
		{A6BE4448-E96E-435E-A28B-FF8F63D0CFBB}.Debug|Any CPU.Build.0 = Debug|Any CPU
		{A6BE4448-E96E-435E-A28B-FF8F63D0CFBB}.Release|Any CPU.ActiveCfg = Release|Any CPU
		{A6BE4448-E96E-435E-A28B-FF8F63D0CFBB}.Release|Any CPU.Build.0 = Release|Any CPU
		{6A088F75-DB78-458B-913C-B7DF750BCFED}.Debug|Any CPU.ActiveCfg = Debug|Any CPU
		{6A088F75-DB78-458B-913C-B7DF750BCFED}.Debug|Any CPU.Build.0 = Debug|Any CPU
		{6A088F75-DB78-458B-913C-B7DF750BCFED}.Release|Any CPU.ActiveCfg = Release|Any CPU
		{6A088F75-DB78-458B-913C-B7DF750BCFED}.Release|Any CPU.Build.0 = Release|Any CPU
		{BBFF7D32-B674-4192-ACE5-B67D758A89B1}.Debug|Any CPU.ActiveCfg = Debug|Any CPU
		{BBFF7D32-B674-4192-ACE5-B67D758A89B1}.Debug|Any CPU.Build.0 = Debug|Any CPU
		{BBFF7D32-B674-4192-ACE5-B67D758A89B1}.Release|Any CPU.ActiveCfg = Release|Any CPU
		{BBFF7D32-B674-4192-ACE5-B67D758A89B1}.Release|Any CPU.Build.0 = Release|Any CPU
		{8E32FE87-E945-42CA-8D3F-6CDB90028364}.Debug|Any CPU.ActiveCfg = Debug|Any CPU
		{8E32FE87-E945-42CA-8D3F-6CDB90028364}.Debug|Any CPU.Build.0 = Debug|Any CPU
		{8E32FE87-E945-42CA-8D3F-6CDB90028364}.Release|Any CPU.ActiveCfg = Release|Any CPU
		{8E32FE87-E945-42CA-8D3F-6CDB90028364}.Release|Any CPU.Build.0 = Release|Any CPU
		{D5C69BCA-BD9C-484D-BA3D-01F012DB6017}.Debug|Any CPU.ActiveCfg = Debug|Any CPU
		{D5C69BCA-BD9C-484D-BA3D-01F012DB6017}.Debug|Any CPU.Build.0 = Debug|Any CPU
		{D5C69BCA-BD9C-484D-BA3D-01F012DB6017}.Release|Any CPU.ActiveCfg = Release|Any CPU
		{D5C69BCA-BD9C-484D-BA3D-01F012DB6017}.Release|Any CPU.Build.0 = Release|Any CPU
		{D33410C6-A2EA-4787-AFD4-6641BF2B8DAB}.Debug|Any CPU.ActiveCfg = Debug|Any CPU
		{D33410C6-A2EA-4787-AFD4-6641BF2B8DAB}.Debug|Any CPU.Build.0 = Debug|Any CPU
		{D33410C6-A2EA-4787-AFD4-6641BF2B8DAB}.Release|Any CPU.ActiveCfg = Release|Any CPU
		{D33410C6-A2EA-4787-AFD4-6641BF2B8DAB}.Release|Any CPU.Build.0 = Release|Any CPU
		{F1478D90-2D86-4552-A928-2276353F9C5A}.Debug|Any CPU.ActiveCfg = Debug|Any CPU
		{F1478D90-2D86-4552-A928-2276353F9C5A}.Debug|Any CPU.Build.0 = Debug|Any CPU
		{F1478D90-2D86-4552-A928-2276353F9C5A}.Release|Any CPU.ActiveCfg = Release|Any CPU
		{F1478D90-2D86-4552-A928-2276353F9C5A}.Release|Any CPU.Build.0 = Release|Any CPU
		{0974D9DF-D85D-4B42-8F48-FB80A943E437}.Debug|Any CPU.ActiveCfg = Debug|Any CPU
		{0974D9DF-D85D-4B42-8F48-FB80A943E437}.Debug|Any CPU.Build.0 = Debug|Any CPU
		{0974D9DF-D85D-4B42-8F48-FB80A943E437}.Release|Any CPU.ActiveCfg = Release|Any CPU
		{0974D9DF-D85D-4B42-8F48-FB80A943E437}.Release|Any CPU.Build.0 = Release|Any CPU
		{E7389E4A-B7D4-4B44-B877-F650C078062A}.Debug|Any CPU.ActiveCfg = Debug|Any CPU
		{E7389E4A-B7D4-4B44-B877-F650C078062A}.Debug|Any CPU.Build.0 = Debug|Any CPU
		{E7389E4A-B7D4-4B44-B877-F650C078062A}.Release|Any CPU.ActiveCfg = Release|Any CPU
		{E7389E4A-B7D4-4B44-B877-F650C078062A}.Release|Any CPU.Build.0 = Release|Any CPU
		{44E5D1DA-49E8-4F4E-B8CC-0817B6301501}.Debug|Any CPU.ActiveCfg = Debug|Any CPU
		{44E5D1DA-49E8-4F4E-B8CC-0817B6301501}.Debug|Any CPU.Build.0 = Debug|Any CPU
		{44E5D1DA-49E8-4F4E-B8CC-0817B6301501}.Release|Any CPU.ActiveCfg = Release|Any CPU
		{44E5D1DA-49E8-4F4E-B8CC-0817B6301501}.Release|Any CPU.Build.0 = Release|Any CPU
		{D7637175-5C27-4078-9451-CEEDEFFC4F57}.Debug|Any CPU.ActiveCfg = Debug|Any CPU
		{D7637175-5C27-4078-9451-CEEDEFFC4F57}.Debug|Any CPU.Build.0 = Debug|Any CPU
		{D7637175-5C27-4078-9451-CEEDEFFC4F57}.Release|Any CPU.ActiveCfg = Release|Any CPU
		{D7637175-5C27-4078-9451-CEEDEFFC4F57}.Release|Any CPU.Build.0 = Release|Any CPU
	EndGlobalSection
	GlobalSection(SolutionProperties) = preSolution
		HideSolutionNode = FALSE
	EndGlobalSection
	GlobalSection(NestedProjects) = preSolution
		{E7022EDD-E5B6-40B1-9CD7-FD6F07EC2271} = {8FFEB5C4-7BF6-4EE2-B3BA-F703465034FB}
		{E9C72567-166D-4D1A-8F05-67229FF46810} = {4D0FAB38-372A-4606-954E-03CB341B8D9A}
		{CAC892D3-E838-44B3-9C01-5F59659AAB43} = {F47973EE-0450-427B-8F77-CB2B41554A86}
		{A6BE4448-E96E-435E-A28B-FF8F63D0CFBB} = {B9B6A27A-D56C-4B0D-ACD3-22CBF68F1DEF}
		{6A088F75-DB78-458B-913C-B7DF750BCFED} = {0646EA3E-F0EB-4461-9252-6F6FD9888B5D}
		{BBFF7D32-B674-4192-ACE5-B67D758A89B1} = {0364E359-1E10-43C4-806D-CEF232A1B004}
		{8E32FE87-E945-42CA-8D3F-6CDB90028364} = {063AA165-99B0-4B2D-9780-BB318A087DA0}
		{D5C69BCA-BD9C-484D-BA3D-01F012DB6017} = {DD206E70-F1B6-44C0-8365-6428A62EA0F8}
		{D33410C6-A2EA-4787-AFD4-6641BF2B8DAB} = {4CEADDB6-EC7F-41C3-8EB6-374543450435}
		{F1478D90-2D86-4552-A928-2276353F9C5A} = {8737FAA0-A588-4715-9333-742111CB93D6}
		{0974D9DF-D85D-4B42-8F48-FB80A943E437} = {F4CB6E77-AE2F-4D4F-83FB-8B2D210313CD}
		{E7389E4A-B7D4-4B44-B877-F650C078062A} = {FC237329-24FF-453D-B108-8EDDC1855233}
		{44E5D1DA-49E8-4F4E-B8CC-0817B6301501} = {2A0C6175-DB3D-45A3-B1A7-22242BFA0B90}
		{D7637175-5C27-4078-9451-CEEDEFFC4F57} = {49017DA3-F168-4BB1-8373-BA8F3F34E2E3}
	EndGlobalSection
	GlobalSection(ExtensibilityGlobals) = postSolution
		SolutionGuid = {483AF878-3EEE-4FEF-8D26-46F534D027CF}
	EndGlobalSection
EndGlobal
